<Solution>
  <Project Path="Invoice_API/Invoice_API.csproj" Id="19b46390-461b-483e-83b3-6baa06f3c054" />
  <Project Path="Invoice_Avalonia/Invoice_Avalonia.csproj" Id="ff44297b-5568-4462-b7a9-a7a7eb9ef7d9" />
  <Project Path="Invoice_BlazorWASM/Invoice_BlazorWASM.csproj" Id="dd994833-38fc-4c97-af90-ca8f92f6b1ed" />
  <Project Path="Invoice_Logic/Invoice_Logic.csproj" />
  <Project Path="Invoice_SQL/Invoice_SQL.sqlproj" Id="703d1148-fdfb-44d7-a320-cfe185371a0c">
    <Build />
    <Deploy />
  </Project>
  <Project Path="Invoice_WPF/Invoice_WPF.csproj" Id="88d0f938-3e19-4b49-b62f-e135515b48b4" />
</Solution>
